// !$*UTF8*$!
{
	archiveVersion = 1;
	classes = {
	};
	objectVersion = 46;
	objects = {

/* Begin PBXBuildFile section */
		633507711E00417800B20086 /* AppDelegate.swift in Sources */ = {isa = PBXBuildFile; fileRef = 633507701E00417800B20086 /* AppDelegate.swift */; };
		633507731E00417800B20086 /* ViewController.swift in Sources */ = {isa = PBXBuildFile; fileRef = 633507721E00417800B20086 /* ViewController.swift */; };
		633507761E00417800B20086 /* Main.storyboard in Resources */ = {isa = PBXBuildFile; fileRef = 633507741E00417800B20086 /* Main.storyboard */; };
		633507781E00417800B20086 /* Assets.xcassets in Resources */ = {isa = PBXBuildFile; fileRef = 633507771E00417800B20086 /* Assets.xcassets */; };
		6335077B1E00417800B20086 /* LaunchScreen.storyboard in Resources */ = {isa = PBXBuildFile; fileRef = 633507791E00417800B20086 /* LaunchScreen.storyboard */; };
		633507861E00417800B20086 /* Button_FunTests.swift in Sources */ = {isa = PBXBuildFile; fileRef = 633507851E00417800B20086 /* Button_FunTests.swift */; };
		633507911E00417800B20086 /* Button_FunUITests.swift in Sources */ = {isa = PBXBuildFile; fileRef = 633507901E00417800B20086 /* Button_FunUITests.swift */; };
/* End PBXBuildFile section */

/* Begin PBXContainerItemProxy section */
		633507821E00417800B20086 /* PBXContainerItemProxy */ = {
			isa = PBXContainerItemProxy;
			containerPortal = 633507651E00417800B20086 /* Project object */;
			proxyType = 1;
			remoteGlobalIDString = 6335076C1E00417800B20086;
			remoteInfo = "Button Fun";
		};
		6335078D1E00417800B20086 /* PBXContainerItemProxy */ = {
			isa = PBXContainerItemProxy;
			containerPortal = 633507651E00417800B20086 /* Project object */;
			proxyType = 1;
			remoteGlobalIDString = 6335076C1E00417800B20086;
			remoteInfo = "Button Fun";
		};
/* End PBXContainerItemProxy section */

/* Begin PBXFileReference section */
		6335076D1E00417800B20086 /* Button Fun.app */ = {isa = PBXFileReference; explicitFileType = wrapper.application; includeInIndex = 0; path = "Button Fun.app"; sourceTree = BUILT_PRODUCTS_DIR; };
		633507701E00417800B20086 /* AppDelegate.swift */ = {isa = PBXFileReference; lastKnownFileType = sourcecode.swift; path = AppDelegate.swift; sourceTree = "<group>"; };
		633507721E00417800B20086 /* ViewController.swift */ = {isa = PBXFileReference; lastKnownFileType = sourcecode.swift; path = ViewController.swift; sourceTree = "<group>"; };
		633507751E00417800B20086 /* Base */ = {isa = PBXFileReference; lastKnownFileType = file.storyboard; name = Base; path = Base.lproj/Main.storyboard; sourceTree = "<group>"; };
		633507771E00417800B20086 /* Assets.xcassets */ = {isa = PBXFileReference; lastKnownFileType = folder.assetcatalog; path = Assets.xcassets; sourceTree = "<group>"; };
		6335077A1E00417800B20086 /* Base */ = {isa = PBXFileReference; lastKnownFileType = file.storyboard; name = Base; path = Base.lproj/LaunchScreen.storyboard; sourceTree = "<group>"; };
		6335077C1E00417800B20086 /* Info.plist */ = {isa = PBXFileReference; lastKnownFileType = text.plist.xml; path = Info.plist; sourceTree = "<group>"; };
		633507811E00417800B20086 /* Button FunTests.xctest */ = {isa = PBXFileReference; explicitFileType = wrapper.cfbundle; includeInIndex = 0; path = "Button FunTests.xctest"; sourceTree = BUILT_PRODUCTS_DIR; };
		633507851E00417800B20086 /* Button_FunTests.swift */ = {isa = PBXFileReference; lastKnownFileType = sourcecode.swift; path = Button_FunTests.swift; sourceTree = "<group>"; };
		633507871E00417800B20086 /* Info.plist */ = {isa = PBXFileReference; lastKnownFileType = text.plist.xml; path = Info.plist; sourceTree = "<group>"; };
		6335078C1E00417800B20086 /* Button FunUITests.xctest */ = {isa = PBXFileReference; explicitFileType = wrapper.cfbundle; includeInIndex = 0; path = "Button FunUITests.xctest"; sourceTree = BUILT_PRODUCTS_DIR; };
		633507901E00417800B20086 /* Button_FunUITests.swift */ = {isa = PBXFileReference; lastKnownFileType = sourcecode.swift; path = Button_FunUITests.swift; sourceTree = "<group>"; };
		633507921E00417800B20086 /* Info.plist */ = {isa = PBXFileReference; lastKnownFileType = text.plist.xml; path = Info.plist; sourceTree = "<group>"; };
/* End PBXFileReference section */

/* Begin PBXFrameworksBuildPhase section */
		6335076A1E00417800B20086 /* Frameworks */ = {
			isa = PBXFrameworksBuildPhase;
			buildActionMask = 2147483647;
			files = (
			);
			runOnlyForDeploymentPostprocessing = 0;
		};
		6335077E1E00417800B20086 /* Frameworks */ = {
			isa = PBXFrameworksBuildPhase;
			buildActionMask = 2147483647;
			files = (
			);
			runOnlyForDeploymentPostprocessing = 0;
		};
		633507891E00417800B20086 /* Frameworks */ = {
			isa = PBXFrameworksBuildPhase;
			buildActionMask = 2147483647;
			files = (
			);
			runOnlyForDeploymentPostprocessing = 0;
		};
/* End PBXFrameworksBuildPhase section */

/* Begin PBXGroup section */
		633507641E00417800B20086 = {
			isa = PBXGroup;
			children = (
				6335076F1E00417800B20086 /* Button Fun */,
				633507841E00417800B20086 /* Button FunTests */,
				6335078F1E00417800B20086 /* Button FunUITests */,
				6335076E1E00417800B20086 /* Products */,
			);
			sourceTree = "<group>";
		};
		6335076E1E00417800B20086 /* Products */ = {
			isa = PBXGroup;
			children = (
				6335076D1E00417800B20086 /* Button Fun.app */,
				633507811E00417800B20086 /* Button FunTests.xctest */,
				6335078C1E00417800B20086 /* Button FunUITests.xctest */,
			);
			name = Products;
			sourceTree = "<group>";
		};
		6335076F1E00417800B20086 /* Button Fun */ = {
			isa = PBXGroup;
			children = (
				633507701E00417800B20086 /* AppDelegate.swift */,
				633507721E00417800B20086 /* ViewController.swift */,
				633507741E00417800B20086 /* Main.storyboard */,
				633507771E00417800B20086 /* Assets.xcassets */,
				633507791E00417800B20086 /* LaunchScreen.storyboard */,
				6335077C1E00417800B20086 /* Info.plist */,
			);
			path = "Button Fun";
			sourceTree = "<group>";
		};
		633507841E00417800B20086 /* Button FunTests */ = {
			isa = PBXGroup;
			children = (
				633507851E00417800B20086 /* Button_FunTests.swift */,
				633507871E00417800B20086 /* Info.plist */,
			);
			path = "Button FunTests";
			sourceTree = "<group>";
		};
		6335078F1E00417800B20086 /* Button FunUITests */ = {
			isa = PBXGroup;
			children = (
				633507901E00417800B20086 /* Button_FunUITests.swift */,
				633507921E00417800B20086 /* Info.plist */,
			);
			path = "Button FunUITests";
			sourceTree = "<group>";
		};
/* End PBXGroup section */

/* Begin PBXNativeTarget section */
		6335076C1E00417800B20086 /* Button Fun */ = {
			isa = PBXNativeTarget;
			buildConfigurationList = 633507951E00417800B20086 /* Build configuration list for PBXNativeTarget "Button Fun" */;
			buildPhases = (
				633507691E00417800B20086 /* Sources */,
				6335076A1E00417800B20086 /* Frameworks */,
				6335076B1E00417800B20086 /* Resources */,
			);
			buildRules = (
			);
			dependencies = (
			);
			name = "Button Fun";
			productName = "Button Fun";
			productReference = 6335076D1E00417800B20086 /* Button Fun.app */;
			productType = "com.apple.product-type.application";
		};
		633507801E00417800B20086 /* Button FunTests */ = {
			isa = PBXNativeTarget;
			buildConfigurationList = 633507981E00417800B20086 /* Build configuration list for PBXNativeTarget "Button FunTests" */;
			buildPhases = (
				6335077D1E00417800B20086 /* Sources */,
				6335077E1E00417800B20086 /* Frameworks */,
				6335077F1E00417800B20086 /* Resources */,
			);
			buildRules = (
			);
			dependencies = (
				633507831E00417800B20086 /* PBXTargetDependency */,
			);
			name = "Button FunTests";
			productName = "Button FunTests";
			productReference = 633507811E00417800B20086 /* Button FunTests.xctest */;
			productType = "com.apple.product-type.bundle.unit-test";
		};
		6335078B1E00417800B20086 /* Button FunUITests */ = {
			isa = PBXNativeTarget;
			buildConfigurationList = 6335079B1E00417800B20086 /* Build configuration list for PBXNativeTarget "Button FunUITests" */;
			buildPhases = (
				633507881E00417800B20086 /* Sources */,
				633507891E00417800B20086 /* Frameworks */,
				6335078A1E00417800B20086 /* Resources */,
			);
			buildRules = (
			);
			dependencies = (
				6335078E1E00417800B20086 /* PBXTargetDependency */,
			);
			name = "Button FunUITests";
			productName = "Button FunUITests";
			productReference = 6335078C1E00417800B20086 /* Button FunUITests.xctest */;
			productType = "com.apple.product-type.bundle.ui-testing";
		};
/* End PBXNativeTarget section */

/* Begin PBXProject section */
		633507651E00417800B20086 /* Project object */ = {
			isa = PBXProject;
			attributes = {
				LastSwiftUpdateCheck = 0810;
				LastUpgradeCheck = 0820;
				ORGANIZATIONNAME = "NT Dev";
				TargetAttributes = {
					6335076C1E00417800B20086 = {
						CreatedOnToolsVersion = 8.1;
						DevelopmentTeam = TXR34YRJP8;
						ProvisioningStyle = Automatic;
					};
					633507801E00417800B20086 = {
						CreatedOnToolsVersion = 8.1;
						DevelopmentTeam = TXR34YRJP8;
						ProvisioningStyle = Automatic;
						TestTargetID = 6335076C1E00417800B20086;
					};
					6335078B1E00417800B20086 = {
						CreatedOnToolsVersion = 8.1;
						DevelopmentTeam = TXR34YRJP8;
						ProvisioningStyle = Automatic;
						TestTargetID = 6335076C1E00417800B20086;
					};
				};
			};
			buildConfigurationList = 633507681E00417800B20086 /* Build configuration list for PBXProject "Button Fun" */;
			compatibilityVersion = "Xcode 3.2";
			developmentRegion = English;
			hasScannedForEncodings = 0;
			knownRegions = (
				en,
				Base,
			);
			mainGroup = 633507641E00417800B20086;
			productRefGroup = 6335076E1E00417800B20086 /* Products */;
			projectDirPath = "";
			projectRoot = "";
			targets = (
				6335076C1E00417800B20086 /* Button Fun */,
				633507801E00417800B20086 /* Button FunTests */,
				6335078B1E00417800B20086 /* Button FunUITests */,
			);
		};
/* End PBXProject section */

/* Begin PBXResourcesBuildPhase section */
		6335076B1E00417800B20086 /* Resources */ = {
			isa = PBXResourcesBuildPhase;
			buildActionMask = 2147483647;
			files = (
				6335077B1E00417800B20086 /* LaunchScreen.storyboard in Resources */,
				633507781E00417800B20086 /* Assets.xcassets in Resources */,
				633507761E00417800B20086 /* Main.storyboard in Resources */,
			);
			runOnlyForDeploymentPostprocessing = 0;
		};
		6335077F1E00417800B20086 /* Resources */ = {
			isa = PBXResourcesBuildPhase;
			buildActionMask = 2147483647;
			files = (
			);
			runOnlyForDeploymentPostprocessing = 0;
		};
		6335078A1E00417800B20086 /* Resources */ = {
			isa = PBXResourcesBuildPhase;
			buildActionMask = 2147483647;
			files = (
			);
			runOnlyForDeploymentPostprocessing = 0;
		};
/* End PBXResourcesBuildPhase section */

/* Begin PBXSourcesBuildPhase section */
		633507691E00417800B20086 /* Sources */ = {
			isa = PBXSourcesBuildPhase;
			buildActionMask = 2147483647;
			files = (
				633507731E00417800B20086 /* ViewController.swift in Sources */,
				633507711E00417800B20086 /* AppDelegate.swift in Sources */,
			);
			runOnlyForDeploymentPostprocessing = 0;
		};
		6335077D1E00417800B20086 /* Sources */ = {
			isa = PBXSourcesBuildPhase;
			buildActionMask = 2147483647;
			files = (
				633507861E00417800B20086 /* Button_FunTests.swift in Sources */,
			);
			runOnlyForDeploymentPostprocessing = 0;
		};
		633507881E00417800B20086 /* Sources */ = {
			isa = PBXSourcesBuildPhase;
			buildActionMask = 2147483647;
			files = (
				633507911E00417800B20086 /* Button_FunUITests.swift in Sources */,
			);
			runOnlyForDeploymentPostprocessing = 0;
		};
/* End PBXSourcesBuildPhase section */

/* Begin PBXTargetDependency section */
		633507831E00417800B20086 /* PBXTargetDependency */ = {
			isa = PBXTargetDependency;
			target = 6335076C1E00417800B20086 /* Button Fun */;
			targetProxy = 633507821E00417800B20086 /* PBXContainerItemProxy */;
		};
		6335078E1E00417800B20086 /* PBXTargetDependency */ = {
			isa = PBXTargetDependency;
			target = 6335076C1E00417800B20086 /* Button Fun */;
			targetProxy = 6335078D1E00417800B20086 /* PBXContainerItemProxy */;
		};
/* End PBXTargetDependency section */

/* Begin PBXVariantGroup section */
		633507741E00417800B20086 /* Main.storyboard */ = {
			isa = PBXVariantGroup;
			children = (
				633507751E00417800B20086 /* Base */,
			);
			name = Main.storyboard;
			sourceTree = "<group>";
		};
		633507791E00417800B20086 /* LaunchScreen.storyboard */ = {
			isa = PBXVariantGroup;
			children = (
				6335077A1E00417800B20086 /* Base */,
			);
			name = LaunchScreen.storyboard;
			sourceTree = "<group>";
		};
/* End PBXVariantGroup section */

/* Begin XCBuildConfiguration section */
		633507931E00417800B20086 /* Debug */ = {
			isa = XCBuildConfiguration;
			buildSettings = {
				ALWAYS_SEARCH_USER_PATHS = NO;
				CLANG_ANALYZER_NONNULL = YES;
				CLANG_CXX_LANGUAGE_STANDARD = "gnu++0x";
				CLANG_CXX_LIBRARY = "libc++";
				CLANG_ENABLE_MODULES = YES;
				CLANG_ENABLE_OBJC_ARC = YES;
				CLANG_WARN_BOOL_CONVERSION = YES;
				CLANG_WARN_CONSTANT_CONVERSION = YES;
				CLANG_WARN_DIRECT_OBJC_ISA_USAGE = YES_ERROR;
				CLANG_WARN_DOCUMENTATION_COMMENTS = YES;
				CLANG_WARN_EMPTY_BODY = YES;
				CLANG_WARN_ENUM_CONVERSION = YES;
				CLANG_WARN_INFINITE_RECURSION = YES;
				CLANG_WARN_INT_CONVERSION = YES;
				CLANG_WARN_OBJC_ROOT_CLASS = YES_ERROR;
				CLANG_WARN_SUSPICIOUS_MOVE = YES;
				CLANG_WARN_SUSPICIOUS_MOVES = YES;
				CLANG_WARN_UNREACHABLE_CODE = YES;
				CLANG_WARN__DUPLICATE_METHOD_MATCH = YES;
				"CODE_SIGN_IDENTITY[sdk=iphoneos*]" = "iPhone Developer";
				COPY_PHASE_STRIP = NO;
				DEBUG_INFORMATION_FORMAT = dwarf;
				ENABLE_STRICT_OBJC_MSGSEND = YES;
				ENABLE_TESTABILITY = YES;
				GCC_C_LANGUAGE_STANDARD = gnu99;
				GCC_DYNAMIC_NO_PIC = NO;
				GCC_NO_COMMON_BLOCKS = YES;
				GCC_OPTIMIZATION_LEVEL = 0;
				GCC_PREPROCESSOR_DEFINITIONS = (
					"DEBUG=1",
					"$(inherited)",
				);
				GCC_WARN_64_TO_32_BIT_CONVERSION = YES;
				GCC_WARN_ABOUT_RETURN_TYPE = YES_ERROR;
				GCC_WARN_UNDECLARED_SELECTOR = YES;
				GCC_WARN_UNINITIALIZED_AUTOS = YES_AGGRESSIVE;
				GCC_WARN_UNUSED_FUNCTION = YES;
				GCC_WARN_UNUSED_VARIABLE = YES;
				IPHONEOS_DEPLOYMENT_TARGET = 10.0;
				MTL_ENABLE_DEBUG_INFO = YES;
				ONLY_ACTIVE_ARCH = YES;
				SDKROOT = iphoneos;
				SWIFT_ACTIVE_COMPILATION_CONDITIONS = DEBUG;
				SWIFT_OPTIMIZATION_LEVEL = "-Onone";
				TARGETED_DEVICE_FAMILY = "1,2";
			};
			name = Debug;
		};
		633507941E00417800B20086 /* Release */ = {
			isa = XCBuildConfiguration;
			buildSettings = {
				ALWAYS_SEARCH_USER_PATHS = NO;
				CLANG_ANALYZER_NONNULL = YES;
				CLANG_CXX_LANGUAGE_STANDARD = "gnu++0x";
				CLANG_CXX_LIBRARY = "libc++";
				CLANG_ENABLE_MODULES = YES;
				CLANG_ENABLE_OBJC_ARC = YES;
				CLANG_WARN_BOOL_CONVERSION = YES;
				CLANG_WARN_CONSTANT_CONVERSION = YES;
				CLANG_WARN_DIRECT_OBJC_ISA_USAGE = YES_ERROR;
				CLANG_WARN_DOCUMENTATION_COMMENTS = YES;
				CLANG_WARN_EMPTY_BODY = YES;
				CLANG_WARN_ENUM_CONVERSION = YES;
				CLANG_WARN_INFINITE_RECURSION = YES;
				CLANG_WARN_INT_CONVERSION = YES;
				CLANG_WARN_OBJC_ROOT_CLASS = YES_ERROR;
				CLANG_WARN_SUSPICIOUS_MOVE = YES;
				CLANG_WARN_SUSPICIOUS_MOVES = YES;
				CLANG_WARN_UNREACHABLE_CODE = YES;
				CLANG_WARN__DUPLICATE_METHOD_MATCH = YES;
				"CODE_SIGN_IDENTITY[sdk=iphoneos*]" = "iPhone Developer";
				COPY_PHASE_STRIP = NO;
				DEBUG_INFORMATION_FORMAT = "dwarf-with-dsym";
				ENABLE_NS_ASSERTIONS = NO;
				ENABLE_STRICT_OBJC_MSGSEND = YES;
				GCC_C_LANGUAGE_STANDARD = gnu99;
				GCC_NO_COMMON_BLOCKS = YES;
				GCC_WARN_64_TO_32_BIT_CONVERSION = YES;
				GCC_WARN_ABOUT_RETURN_TYPE = YES_ERROR;
				GCC_WARN_UNDECLARED_SELECTOR = YES;
				GCC_WARN_UNINITIALIZED_AUTOS = YES_AGGRESSIVE;
				GCC_WARN_UNUSED_FUNCTION = YES;
				GCC_WARN_UNUSED_VARIABLE = YES;
				IPHONEOS_DEPLOYMENT_TARGET = 10.0;
				MTL_ENABLE_DEBUG_INFO = NO;
				SDKROOT = iphoneos;
				SWIFT_OPTIMIZATION_LEVEL = "-Owholemodule";
				TARGETED_DEVICE_FAMILY = "1,2";
				VALIDATE_PRODUCT = YES;
			};
			name = Release;
		};
		633507961E00417800B20086 /* Debug */ = {
			isa = XCBuildConfiguration;
			buildSettings = {
				ASSETCATALOG_COMPILER_APPICON_NAME = AppIcon;
				DEVELOPMENT_TEAM = TXR34YRJP8;
				INFOPLIST_FILE = "Button Fun/Info.plist";
				IPHONEOS_DEPLOYMENT_TARGET = 10.0;
				LD_RUNPATH_SEARCH_PATHS = "$(inherited) @executable_path/Frameworks";
				PRODUCT_BUNDLE_IDENTIFIER = "NTDev.Button-Fun";
				PRODUCT_NAME = "$(TARGET_NAME)";
				SWIFT_VERSION = 3.0;
			};
			name = Debug;
		};
		633507971E00417800B20086 /* Release */ = {
			isa = XCBuildConfiguration;
			buildSettings = {
				ASSETCATALOG_COMPILER_APPICON_NAME = AppIcon;
				DEVELOPMENT_TEAM = TXR34YRJP8;
				INFOPLIST_FILE = "Button Fun/Info.plist";
				IPHONEOS_DEPLOYMENT_TARGET = 10.0;
				LD_RUNPATH_SEARCH_PATHS = "$(inherited) @executable_path/Frameworks";
				PRODUCT_BUNDLE_IDENTIFIER = "NTDev.Button-Fun";
				PRODUCT_NAME = "$(TARGET_NAME)";
				SWIFT_VERSION = 3.0;
			};
			name = Release;
		};
		633507991E00417800B20086 /* Debug */ = {
			isa = XCBuildConfiguration;
			buildSettings = {
				ALWAYS_EMBED_SWIFT_STANDARD_LIBRARIES = YES;
				BUNDLE_LOADER = "$(TEST_HOST)";
				DEVELOPMENT_TEAM = TXR34YRJP8;
				INFOPLIST_FILE = "Button FunTests/Info.plist";
				LD_RUNPATH_SEARCH_PATHS = "$(inherited) @executable_path/Frameworks @loader_path/Frameworks";
				PRODUCT_BUNDLE_IDENTIFIER = "NTDev.Button-FunTests";
				PRODUCT_NAME = "$(TARGET_NAME)";
				SWIFT_VERSION = 3.0;
				TEST_HOST = "$(BUILT_PRODUCTS_DIR)/Button Fun.app/Button Fun";
			};
			name = Debug;
		};
		6335079A1E00417800B20086 /* Release */ = {
			isa = XCBuildConfiguration;
			buildSettings = {
				ALWAYS_EMBED_SWIFT_STANDARD_LIBRARIES = YES;
				BUNDLE_LOADER = "$(TEST_HOST)";
				DEVELOPMENT_TEAM = TXR34YRJP8;
				INFOPLIST_FILE = "Button FunTests/Info.plist";
				LD_RUNPATH_SEARCH_PATHS = "$(inherited) @executable_path/Frameworks @loader_path/Frameworks";
				PRODUCT_BUNDLE_IDENTIFIER = "NTDev.Button-FunTests";
				PRODUCT_NAME = "$(TARGET_NAME)";
				SWIFT_VERSION = 3.0;
				TEST_HOST = "$(BUILT_PRODUCTS_DIR)/Button Fun.app/Button Fun";
			};
			name = Release;
		};
		6335079C1E00417800B20086 /* Debug */ = {
			isa = XCBuildConfiguration;
			buildSettings = {
				ALWAYS_EMBED_SWIFT_STANDARD_LIBRARIES = YES;
				DEVELOPMENT_TEAM = TXR34YRJP8;
				INFOPLIST_FILE = "Button FunUITests/Info.plist";
				LD_RUNPATH_SEARCH_PATHS = "$(inherited) @executable_path/Frameworks @loader_path/Frameworks";
				PRODUCT_BUNDLE_IDENTIFIER = "NTDev.Button-FunUITests";
				PRODUCT_NAME = "$(TARGET_NAME)";
				SWIFT_VERSION = 3.0;
				TEST_TARGET_NAME = "Button Fun";
			};
			name = Debug;
		};
		6335079D1E00417800B20086 /* Release */ = {
			isa = XCBuildConfiguration;
			buildSettings = {
				ALWAYS_EMBED_SWIFT_STANDARD_LIBRARIES = YES;
				DEVELOPMENT_TEAM = TXR34YRJP8;
				INFOPLIST_FILE = "Button FunUITests/Info.plist";
				LD_RUNPATH_SEARCH_PATHS = "$(inherited) @executable_path/Frameworks @loader_path/Frameworks";
				PRODUCT_BUNDLE_IDENTIFIER = "NTDev.Button-FunUITests";
				PRODUCT_NAME = "$(TARGET_NAME)";
				SWIFT_VERSION = 3.0;
				TEST_TARGET_NAME = "Button Fun";
			};
			name = Release;
		};
/* End XCBuildConfiguration section */

/* Begin XCConfigurationList section */
		633507681E00417800B20086 /* Build configuration list for PBXProject "Button Fun" */ = {
			isa = XCConfigurationList;
			buildConfigurations = (
				633507931E00417800B20086 /* Debug */,
				633507941E00417800B20086 /* Release */,
			);
			defaultConfigurationIsVisible = 0;
			defaultConfigurationName = Release;
		};
		633507951E00417800B20086 /* Build configuration list for PBXNativeTarget "Button Fun" */ = {
			isa = XCConfigurationList;
			buildConfigurations = (
				633507961E00417800B20086 /* Debug */,
				633507971E00417800B20086 /* Release */,
			);
			defaultConfigurationIsVisible = 0;
			defaultConfigurationName = Release;
		};
		633507981E00417800B20086 /* Build configuration list for PBXNativeTarget "Button FunTests" */ = {
			isa = XCConfigurationList;
			buildConfigurations = (
				633507991E00417800B20086 /* Debug */,
				6335079A1E00417800B20086 /* Release */,
			);
			defaultConfigurationIsVisible = 0;
			defaultConfigurationName = Release;
		};
		6335079B1E00417800B20086 /* Build configuration list for PBXNativeTarget "Button FunUITests" */ = {
			isa = XCConfigurationList;
			buildConfigurations = (
				6335079C1E00417800B20086 /* Debug */,
				6335079D1E00417800B20086 /* Release */,
			);
			defaultConfigurationIsVisible = 0;
			defaultConfigurationName = Release;
		};
/* End XCConfigurationList section */
	};
	rootObject = 633507651E00417800B20086 /* Project object */;
}
